
Microsoft Visual Studio Solution File, Format Version 12.00
# Visual Studio Version 16
VisualStudioVersion = 16.0.29306.81
MinimumVisualStudioVersion = 10.0.40219.1
Project("{9A19103F-16F7-4668-BE54-9A1E7A4F7556}") = "AlgorithmsAndStructures", "AlgorithmsAndStructures\AlgorithmsAndStructures.csproj", "{6AB4CDD4-722D-4AD9-94B2-FAFFB691C3B1}"
EndProject
Global
	GlobalSection(SolutionConfigurationPlatforms) = preSolution
		Debug|Any CPU = Debug|Any CPU
		Release|Any CPU = Release|Any CPU
	EndGlobalSection
	GlobalSection(ProjectConfigurationPlatforms) = postSolution
		{6AB4CDD4-722D-4AD9-94B2-FAFFB691C3B1}.Debug|Any CPU.ActiveCfg = Debug|Any CPU
		{6AB4CDD4-722D-4AD9-94B2-FAFFB691C3B1}.Debug|Any CPU.Build.0 = Debug|Any CPU
		{6AB4CDD4-722D-4AD9-94B2-FAFFB691C3B1}.Release|Any CPU.ActiveCfg = Release|Any CPU
		{6AB4CDD4-722D-4AD9-94B2-FAFFB691C3B1}.Release|Any CPU.Build.0 = Release|Any CPU
	EndGlobalSection
	GlobalSection(SolutionProperties) = preSolution
		HideSolutionNode = FALSE
	EndGlobalSection
	GlobalSection(ExtensibilityGlobals) = postSolution
		SolutionGuid = {D7BF6386-2596-4056-87E8-77DE04EBB258}
	EndGlobalSection
EndGlobal
